# This file is automatically @generated by Cargo.
# It is not intended for manual editing.
version = 4

[[package]]
name = "allocator-api2"
version = "0.3.1"
source = "registry+https://github.com/rust-lang/crates.io-index"
checksum = "c583acf993cf4245c4acb0a2cc2ab1f9cc097de73411bb6d3647ff6af2b1013d"

[[package]]
name = "anyhow"
version = "1.0.100"
source = "registry+https://github.com/rust-lang/crates.io-index"
checksum = "a23eb6b1614318a8071c9b2521f36b424b2c83db5eb3a0fead4a6c0809af6e61"

[[package]]
name = "byteorder"
version = "1.5.0"
source = "registry+https://github.com/rust-lang/crates.io-index"
checksum = "1fd0f2584146f6f2ef48085050886acf353beff7305ebd1ae69500e27c67f64b"

[[package]]
name = "cc"
version = "1.2.44"
source = "registry+https://github.com/rust-lang/crates.io-index"
checksum = "37521ac7aabe3d13122dc382493e20c9416f299d2ccd5b3a5340a2570cdeb0f3"
dependencies = [
 "find-msvc-tools",
 "shlex",
]

[[package]]
name = "croaring"
version = "2.5.1"
source = "registry+https://github.com/rust-lang/crates.io-index"
checksum = "3eb54ab7f180e12d8c554ffcb692e5c6c12f94928d7fe4389f7ffba1bb7fd7aa"
dependencies = [
 "allocator-api2",
 "croaring-sys",
]

[[package]]
name = "croaring-sys"
version = "4.4.1"
source = "registry+https://github.com/rust-lang/crates.io-index"
checksum = "041a364f605afdf72e2fb983b5daaed9629a1220ce7322f22a33cf47d5182e9c"
dependencies = [
 "cc",
]

[[package]]
name = "find-msvc-tools"
version = "0.1.4"
source = "registry+https://github.com/rust-lang/crates.io-index"
checksum = "52051878f80a721bb68ebfbc930e07b65ba72f2da88968ea5c06fd6ca3d3a127"

[[package]]
name = "fxhash"
version = "0.2.1"
source = "registry+https://github.com/rust-lang/crates.io-index"
checksum = "c31b6d751ae2c7f11320402d34e41349dd1016f8d5d45e48c4312bc8625af50c"
dependencies = [
 "byteorder",
]

[[package]]
name = "shlex"
version = "1.3.0"
source = "registry+https://github.com/rust-lang/crates.io-index"
checksum = "0fda2ff0d084019ba4d7c6f371c95d8fd75ce3524c3cb8fb653a3023f6323e64"

[[package]]
name = "voxelot"
version = "0.1.0"
dependencies = [
 "anyhow",
 "croaring",
 "fxhash",
]
